
Microsoft Visual Studio Solution File, Format Version 12.00
# Visual Studio Version 17
VisualStudioVersion = 17.0.32112.339
MinimumVisualStudioVersion = 10.0.40219.1
Project("{FAE04EC0-301F-11D3-BF4B-00C04F79EFBC}") = "programa_que_calcule_2", "programa_que_calcule_2\programa_que_calcule_2.csproj", "{952E76B2-F3F3-4660-9033-D3111357EC3E}"
EndProject
Global
	GlobalSection(SolutionConfigurationPlatforms) = preSolution
		Debug|Any CPU = Debug|Any CPU
		Release|Any CPU = Release|Any CPU
	EndGlobalSection
	GlobalSection(ProjectConfigurationPlatforms) = postSolution
		{952E76B2-F3F3-4660-9033-D3111357EC3E}.Debug|Any CPU.ActiveCfg = Debug|Any CPU
		{952E76B2-F3F3-4660-9033-D3111357EC3E}.Debug|Any CPU.Build.0 = Debug|Any CPU
		{952E76B2-F3F3-4660-9033-D3111357EC3E}.Release|Any CPU.ActiveCfg = Release|Any CPU
		{952E76B2-F3F3-4660-9033-D3111357EC3E}.Release|Any CPU.Build.0 = Release|Any CPU
	EndGlobalSection
	GlobalSection(SolutionProperties) = preSolution
		HideSolutionNode = FALSE
	EndGlobalSection
	GlobalSection(ExtensibilityGlobals) = postSolution
		SolutionGuid = {36E1A3F9-07C7-4E34-91FA-18A05D087400}
	EndGlobalSection
EndGlobal
